
Microsoft Visual Studio Solution File, Format Version 12.00
# Visual Studio Version 17
VisualStudioVersion = 17.13.35919.96 d17.13
MinimumVisualStudioVersion = 10.0.40219.1
Project("{FAE04EC0-301F-11D3-BF4B-00C04F79EFBC}") = "Proyecto_GCS", "Proyecto_GCS.csproj", "{E8EDAB8D-5F33-4C29-BF52-A94536E9D419}"
EndProject
Global
	GlobalSection(SolutionConfigurationPlatforms) = preSolution
		Debug|Any CPU = Debug|Any CPU
		Release|Any CPU = Release|Any CPU
	EndGlobalSection
	GlobalSection(ProjectConfigurationPlatforms) = postSolution
		{E8EDAB8D-5F33-4C29-BF52-A94536E9D419}.Debug|Any CPU.ActiveCfg = Debug|Any CPU
		{E8EDAB8D-5F33-4C29-BF52-A94536E9D419}.Debug|Any CPU.Build.0 = Debug|Any CPU
		{E8EDAB8D-5F33-4C29-BF52-A94536E9D419}.Release|Any CPU.ActiveCfg = Release|Any CPU
		{E8EDAB8D-5F33-4C29-BF52-A94536E9D419}.Release|Any CPU.Build.0 = Release|Any CPU
	EndGlobalSection
	GlobalSection(SolutionProperties) = preSolution
		HideSolutionNode = FALSE
	EndGlobalSection
	GlobalSection(ExtensibilityGlobals) = postSolution
		SolutionGuid = {F0DEB69C-03FE-4B25-96DC-6251957CA184}
	EndGlobalSection
EndGlobal
